
Microsoft Visual Studio Solution File, Format Version 12.00
# Visual Studio 15
VisualStudioVersion = 15.0.26403.7
MinimumVisualStudioVersion = 10.0.40219.1
Project("{FAE04EC0-301F-11D3-BF4B-00C04F79EFBC}") = "Lucy", "Lucy\Lucy.csproj", "{5ED51E1B-0FE0-4C31-8130-2637268A1F5B}"
	ProjectSection(ProjectDependencies) = postProject
		{26376BEC-ADF0-4247-8280-1D4B8E00FADD} = {26376BEC-ADF0-4247-8280-1D4B8E00FADD}
	EndProjectSection
EndProject
Project("{FAE04EC0-301F-11D3-BF4B-00C04F79EFBC}") = "ModelCL", "ModelCL\ModelCL.csproj", "{1BC34328-B271-4D56-BCDB-B2A72CD1D0D1}"
EndProject
Project("{FAE04EC0-301F-11D3-BF4B-00C04F79EFBC}") = "Backend", "Backend\Backend.csproj", "{26376BEC-ADF0-4247-8280-1D4B8E00FADD}"
EndProject
Global
	GlobalSection(SolutionConfigurationPlatforms) = preSolution
		Debug|Any CPU = Debug|Any CPU
		Release|Any CPU = Release|Any CPU
	EndGlobalSection
	GlobalSection(ProjectConfigurationPlatforms) = postSolution
		{5ED51E1B-0FE0-4C31-8130-2637268A1F5B}.Debug|Any CPU.ActiveCfg = Debug|Any CPU
		{5ED51E1B-0FE0-4C31-8130-2637268A1F5B}.Debug|Any CPU.Build.0 = Debug|Any CPU
		{5ED51E1B-0FE0-4C31-8130-2637268A1F5B}.Release|Any CPU.ActiveCfg = Release|Any CPU
		{5ED51E1B-0FE0-4C31-8130-2637268A1F5B}.Release|Any CPU.Build.0 = Release|Any CPU
		{1BC34328-B271-4D56-BCDB-B2A72CD1D0D1}.Debug|Any CPU.ActiveCfg = Debug|Any CPU
		{1BC34328-B271-4D56-BCDB-B2A72CD1D0D1}.Debug|Any CPU.Build.0 = Debug|Any CPU
		{1BC34328-B271-4D56-BCDB-B2A72CD1D0D1}.Release|Any CPU.ActiveCfg = Release|Any CPU
		{1BC34328-B271-4D56-BCDB-B2A72CD1D0D1}.Release|Any CPU.Build.0 = Release|Any CPU
		{26376BEC-ADF0-4247-8280-1D4B8E00FADD}.Debug|Any CPU.ActiveCfg = Debug|Any CPU
		{26376BEC-ADF0-4247-8280-1D4B8E00FADD}.Debug|Any CPU.Build.0 = Debug|Any CPU
		{26376BEC-ADF0-4247-8280-1D4B8E00FADD}.Release|Any CPU.ActiveCfg = Release|Any CPU
		{26376BEC-ADF0-4247-8280-1D4B8E00FADD}.Release|Any CPU.Build.0 = Release|Any CPU
	EndGlobalSection
	GlobalSection(SolutionProperties) = preSolution
		HideSolutionNode = FALSE
	EndGlobalSection
EndGlobal
